// !$*UTF8*$!
{
	archiveVersion = 1;
	classes = {
	};
	objectVersion = 56;
	objects = {

/* Begin PBXBuildFile section */
		9E156F2329A93E4200C330DC /* Title.swift in Sources */ = {isa = PBXBuildFile; fileRef = 9E156F2229A93E4200C330DC /* Title.swift */; };
		9E156F2529A9578300C330DC /* Extensions.swift in Sources */ = {isa = PBXBuildFile; fileRef = 9E156F2429A9578300C330DC /* Extensions.swift */; };
		9E464B3829A784C3006A79A4 /* HeroHeaderUIView.swift in Sources */ = {isa = PBXBuildFile; fileRef = 9E464B3729A784C3006A79A4 /* HeroHeaderUIView.swift */; };
		9E47133829AE49DB00965180 /* SearchResultsViewController.swift in Sources */ = {isa = PBXBuildFile; fileRef = 9E47133729AE49DB00965180 /* SearchResultsViewController.swift */; };
		9E73AAB329AE242800D41AEF /* TtitleViewModel.swift in Sources */ = {isa = PBXBuildFile; fileRef = 9E73AAB229AE242800D41AEF /* TtitleViewModel.swift */; };
		9E74641A29ABB2A0006515F3 /* TitleTableViewCell.swift in Sources */ = {isa = PBXBuildFile; fileRef = 9E74641929ABB2A0006515F3 /* TitleTableViewCell.swift */; };
		9E8A448129AA4EF20024802B /* TitleCollectionViewCell.swift in Sources */ = {isa = PBXBuildFile; fileRef = 9E8A448029AA4EF20024802B /* TitleCollectionViewCell.swift */; };
		9E8A448429AA54300024802B /* SDWebImage in Frameworks */ = {isa = PBXBuildFile; productRef = 9E8A448329AA54300024802B /* SDWebImage */; };
		9E8A448629AA54300024802B /* SDWebImageMapKit in Frameworks */ = {isa = PBXBuildFile; productRef = 9E8A448529AA54300024802B /* SDWebImageMapKit */; };
		9E963C1D29A8F11D0079D73F /* APICaller.swift in Sources */ = {isa = PBXBuildFile; fileRef = 9E963C1C29A8F11D0079D73F /* APICaller.swift */; };
		9EAA200929A613C500AADC26 /* AppDelegate.swift in Sources */ = {isa = PBXBuildFile; fileRef = 9EAA200829A613C500AADC26 /* AppDelegate.swift */; };
		9EAA200B29A613C500AADC26 /* SceneDelegate.swift in Sources */ = {isa = PBXBuildFile; fileRef = 9EAA200A29A613C500AADC26 /* SceneDelegate.swift */; };
		9EAA200D29A613C500AADC26 /* MainTabBarViewController.swift in Sources */ = {isa = PBXBuildFile; fileRef = 9EAA200C29A613C500AADC26 /* MainTabBarViewController.swift */; };
		9EAA201229A613C600AADC26 /* Assets.xcassets in Resources */ = {isa = PBXBuildFile; fileRef = 9EAA201129A613C600AADC26 /* Assets.xcassets */; };
		9EAA201529A613C600AADC26 /* LaunchScreen.storyboard in Resources */ = {isa = PBXBuildFile; fileRef = 9EAA201329A613C600AADC26 /* LaunchScreen.storyboard */; };
		9EAA201E29A6301900AADC26 /* HomeViewController.swift in Sources */ = {isa = PBXBuildFile; fileRef = 9EAA201D29A6301900AADC26 /* HomeViewController.swift */; };
		9EAA202029A6334000AADC26 /* UpcomingViewController.swift in Sources */ = {isa = PBXBuildFile; fileRef = 9EAA201F29A6334000AADC26 /* UpcomingViewController.swift */; };
		9EAA202229A6356B00AADC26 /* SearchViewController.swift in Sources */ = {isa = PBXBuildFile; fileRef = 9EAA202129A6356B00AADC26 /* SearchViewController.swift */; };
		9EAA202429A639D500AADC26 /* DownloadsViewController.swift in Sources */ = {isa = PBXBuildFile; fileRef = 9EAA202329A639D500AADC26 /* DownloadsViewController.swift */; };
		9EAA202B29A7638900AADC26 /* CollectionViewTableViewCell.swift in Sources */ = {isa = PBXBuildFile; fileRef = 9EAA202A29A7638900AADC26 /* CollectionViewTableViewCell.swift */; };
/* End PBXBuildFile section */

/* Begin PBXFileReference section */
		9E156F2229A93E4200C330DC /* Title.swift */ = {isa = PBXFileReference; lastKnownFileType = sourcecode.swift; path = Title.swift; sourceTree = "<group>"; };
		9E156F2429A9578300C330DC /* Extensions.swift */ = {isa = PBXFileReference; lastKnownFileType = sourcecode.swift; path = Extensions.swift; sourceTree = "<group>"; };
		9E464B3729A784C3006A79A4 /* HeroHeaderUIView.swift */ = {isa = PBXFileReference; lastKnownFileType = sourcecode.swift; path = HeroHeaderUIView.swift; sourceTree = "<group>"; };
		9E47133729AE49DB00965180 /* SearchResultsViewController.swift */ = {isa = PBXFileReference; lastKnownFileType = sourcecode.swift; path = SearchResultsViewController.swift; sourceTree = "<group>"; };
		9E73AAB229AE242800D41AEF /* TtitleViewModel.swift */ = {isa = PBXFileReference; lastKnownFileType = sourcecode.swift; path = TtitleViewModel.swift; sourceTree = "<group>"; };
		9E74641929ABB2A0006515F3 /* TitleTableViewCell.swift */ = {isa = PBXFileReference; lastKnownFileType = sourcecode.swift; path = TitleTableViewCell.swift; sourceTree = "<group>"; };
		9E8A448029AA4EF20024802B /* TitleCollectionViewCell.swift */ = {isa = PBXFileReference; lastKnownFileType = sourcecode.swift; path = TitleCollectionViewCell.swift; sourceTree = "<group>"; };
		9E963C1C29A8F11D0079D73F /* APICaller.swift */ = {isa = PBXFileReference; lastKnownFileType = sourcecode.swift; path = APICaller.swift; sourceTree = "<group>"; };
		9EAA200529A613C500AADC26 /* Netflix-Clone.app */ = {isa = PBXFileReference; explicitFileType = wrapper.application; includeInIndex = 0; path = "Netflix-Clone.app"; sourceTree = BUILT_PRODUCTS_DIR; };
		9EAA200829A613C500AADC26 /* AppDelegate.swift */ = {isa = PBXFileReference; lastKnownFileType = sourcecode.swift; path = AppDelegate.swift; sourceTree = "<group>"; };
		9EAA200A29A613C500AADC26 /* SceneDelegate.swift */ = {isa = PBXFileReference; lastKnownFileType = sourcecode.swift; path = SceneDelegate.swift; sourceTree = "<group>"; };
		9EAA200C29A613C500AADC26 /* MainTabBarViewController.swift */ = {isa = PBXFileReference; lastKnownFileType = sourcecode.swift; path = MainTabBarViewController.swift; sourceTree = "<group>"; };
		9EAA201129A613C600AADC26 /* Assets.xcassets */ = {isa = PBXFileReference; lastKnownFileType = folder.assetcatalog; path = Assets.xcassets; sourceTree = "<group>"; };
		9EAA201429A613C600AADC26 /* Base */ = {isa = PBXFileReference; lastKnownFileType = file.storyboard; name = Base; path = Base.lproj/LaunchScreen.storyboard; sourceTree = "<group>"; };
		9EAA201629A613C600AADC26 /* Info.plist */ = {isa = PBXFileReference; lastKnownFileType = text.plist.xml; path = Info.plist; sourceTree = "<group>"; };
		9EAA201D29A6301900AADC26 /* HomeViewController.swift */ = {isa = PBXFileReference; lastKnownFileType = sourcecode.swift; path = HomeViewController.swift; sourceTree = "<group>"; };
		9EAA201F29A6334000AADC26 /* UpcomingViewController.swift */ = {isa = PBXFileReference; lastKnownFileType = sourcecode.swift; path = UpcomingViewController.swift; sourceTree = "<group>"; };
		9EAA202129A6356B00AADC26 /* SearchViewController.swift */ = {isa = PBXFileReference; lastKnownFileType = sourcecode.swift; path = SearchViewController.swift; sourceTree = "<group>"; };
		9EAA202329A639D500AADC26 /* DownloadsViewController.swift */ = {isa = PBXFileReference; lastKnownFileType = sourcecode.swift; path = DownloadsViewController.swift; sourceTree = "<group>"; };
		9EAA202A29A7638900AADC26 /* CollectionViewTableViewCell.swift */ = {isa = PBXFileReference; lastKnownFileType = sourcecode.swift; path = CollectionViewTableViewCell.swift; sourceTree = "<group>"; };
/* End PBXFileReference section */

/* Begin PBXFrameworksBuildPhase section */
		9EAA200229A613C500AADC26 /* Frameworks */ = {
			isa = PBXFrameworksBuildPhase;
			buildActionMask = 2147483647;
			files = (
				9E8A448629AA54300024802B /* SDWebImageMapKit in Frameworks */,
				9E8A448429AA54300024802B /* SDWebImage in Frameworks */,
			);
			runOnlyForDeploymentPostprocessing = 0;
		};
/* End PBXFrameworksBuildPhase section */

/* Begin PBXGroup section */
		9E47133929AE4A0D00965180 /* General */ = {
			isa = PBXGroup;
			children = (
				9E47133729AE49DB00965180 /* SearchResultsViewController.swift */,
			);
			path = General;
			sourceTree = "<group>";
		};
		9E47133A29AE4A5600965180 /* Core */ = {
			isa = PBXGroup;
			children = (
				9EAA201D29A6301900AADC26 /* HomeViewController.swift */,
				9EAA201F29A6334000AADC26 /* UpcomingViewController.swift */,
				9EAA202129A6356B00AADC26 /* SearchViewController.swift */,
				9EAA202329A639D500AADC26 /* DownloadsViewController.swift */,
			);
			path = Core;
			sourceTree = "<group>";
		};
		9EAA1FFC29A613C500AADC26 = {
			isa = PBXGroup;
			children = (
				9EAA200729A613C500AADC26 /* Netflix-Clone */,
				9EAA200629A613C500AADC26 /* Products */,
			);
			sourceTree = "<group>";
		};
		9EAA200629A613C500AADC26 /* Products */ = {
			isa = PBXGroup;
			children = (
				9EAA200529A613C500AADC26 /* Netflix-Clone.app */,
			);
			name = Products;
			sourceTree = "<group>";
		};
		9EAA200729A613C500AADC26 /* Netflix-Clone */ = {
			isa = PBXGroup;
			children = (
				9EAA202929A75F6E00AADC26 /* Managers */,
				9EAA202829A75F6900AADC26 /* Resources */,
				9EAA202729A75EFC00AADC26 /* Models */,
				9EAA202529A75EED00AADC26 /* Views */,
				9EAA202629A75EF500AADC26 /* ViewModels */,
				9EAA201C29A6300900AADC26 /* Controllers */,
				9EAA200829A613C500AADC26 /* AppDelegate.swift */,
				9EAA200A29A613C500AADC26 /* SceneDelegate.swift */,
				9EAA200C29A613C500AADC26 /* MainTabBarViewController.swift */,
				9EAA201129A613C600AADC26 /* Assets.xcassets */,
				9EAA201329A613C600AADC26 /* LaunchScreen.storyboard */,
				9EAA201629A613C600AADC26 /* Info.plist */,
			);
			path = "Netflix-Clone";
			sourceTree = "<group>";
		};
		9EAA201C29A6300900AADC26 /* Controllers */ = {
			isa = PBXGroup;
			children = (
				9E47133A29AE4A5600965180 /* Core */,
				9E47133929AE4A0D00965180 /* General */,
			);
			path = Controllers;
			sourceTree = "<group>";
		};
		9EAA202529A75EED00AADC26 /* Views */ = {
			isa = PBXGroup;
			children = (
				9EAA202A29A7638900AADC26 /* CollectionViewTableViewCell.swift */,
				9E464B3729A784C3006A79A4 /* HeroHeaderUIView.swift */,
				9E8A448029AA4EF20024802B /* TitleCollectionViewCell.swift */,
				9E74641929ABB2A0006515F3 /* TitleTableViewCell.swift */,
			);
			path = Views;
			sourceTree = "<group>";
		};
		9EAA202629A75EF500AADC26 /* ViewModels */ = {
			isa = PBXGroup;
			children = (
				9E73AAB229AE242800D41AEF /* TtitleViewModel.swift */,
			);
			path = ViewModels;
			sourceTree = "<group>";
		};
		9EAA202729A75EFC00AADC26 /* Models */ = {
			isa = PBXGroup;
			children = (
				9E156F2229A93E4200C330DC /* Title.swift */,
			);
			path = Models;
			sourceTree = "<group>";
		};
		9EAA202829A75F6900AADC26 /* Resources */ = {
			isa = PBXGroup;
			children = (
				9E156F2429A9578300C330DC /* Extensions.swift */,
			);
			path = Resources;
			sourceTree = "<group>";
		};
		9EAA202929A75F6E00AADC26 /* Managers */ = {
			isa = PBXGroup;
			children = (
				9E963C1C29A8F11D0079D73F /* APICaller.swift */,
			);
			path = Managers;
			sourceTree = "<group>";
		};
/* End PBXGroup section */

/* Begin PBXNativeTarget section */
		9EAA200429A613C500AADC26 /* Netflix-Clone */ = {
			isa = PBXNativeTarget;
			buildConfigurationList = 9EAA201929A613C600AADC26 /* Build configuration list for PBXNativeTarget "Netflix-Clone" */;
			buildPhases = (
				9EAA200129A613C500AADC26 /* Sources */,
				9EAA200229A613C500AADC26 /* Frameworks */,
				9EAA200329A613C500AADC26 /* Resources */,
			);
			buildRules = (
			);
			dependencies = (
			);
			name = "Netflix-Clone";
			packageProductDependencies = (
				9E8A448329AA54300024802B /* SDWebImage */,
				9E8A448529AA54300024802B /* SDWebImageMapKit */,
			);
			productName = "Netflix-Clone";
			productReference = 9EAA200529A613C500AADC26 /* Netflix-Clone.app */;
			productType = "com.apple.product-type.application";
		};
/* End PBXNativeTarget section */

/* Begin PBXProject section */
		9EAA1FFD29A613C500AADC26 /* Project object */ = {
			isa = PBXProject;
			attributes = {
				BuildIndependentTargetsInParallel = 1;
				LastSwiftUpdateCheck = 1400;
				LastUpgradeCheck = 1400;
				TargetAttributes = {
					9EAA200429A613C500AADC26 = {
						CreatedOnToolsVersion = 14.0.1;
					};
				};
			};
			buildConfigurationList = 9EAA200029A613C500AADC26 /* Build configuration list for PBXProject "Netflix-Clone" */;
			compatibilityVersion = "Xcode 14.0";
			developmentRegion = en;
			hasScannedForEncodings = 0;
			knownRegions = (
				en,
				Base,
			);
			mainGroup = 9EAA1FFC29A613C500AADC26;
			packageReferences = (
				9E8A448229AA54300024802B /* XCRemoteSwiftPackageReference "SDWebImage" */,
			);
			productRefGroup = 9EAA200629A613C500AADC26 /* Products */;
			projectDirPath = "";
			projectRoot = "";
			targets = (
				9EAA200429A613C500AADC26 /* Netflix-Clone */,
			);
		};
/* End PBXProject section */

/* Begin PBXResourcesBuildPhase section */
		9EAA200329A613C500AADC26 /* Resources */ = {
			isa = PBXResourcesBuildPhase;
			buildActionMask = 2147483647;
			files = (
				9EAA201529A613C600AADC26 /* LaunchScreen.storyboard in Resources */,
				9EAA201229A613C600AADC26 /* Assets.xcassets in Resources */,
			);
			runOnlyForDeploymentPostprocessing = 0;
		};
/* End PBXResourcesBuildPhase section */

/* Begin PBXSourcesBuildPhase section */
		9EAA200129A613C500AADC26 /* Sources */ = {
			isa = PBXSourcesBuildPhase;
			buildActionMask = 2147483647;
			files = (
				9E74641A29ABB2A0006515F3 /* TitleTableViewCell.swift in Sources */,
				9EAA202229A6356B00AADC26 /* SearchViewController.swift in Sources */,
				9E8A448129AA4EF20024802B /* TitleCollectionViewCell.swift in Sources */,
				9EAA200D29A613C500AADC26 /* MainTabBarViewController.swift in Sources */,
				9EAA202B29A7638900AADC26 /* CollectionViewTableViewCell.swift in Sources */,
				9E963C1D29A8F11D0079D73F /* APICaller.swift in Sources */,
				9E47133829AE49DB00965180 /* SearchResultsViewController.swift in Sources */,
				9EAA202429A639D500AADC26 /* DownloadsViewController.swift in Sources */,
				9EAA200929A613C500AADC26 /* AppDelegate.swift in Sources */,
				9EAA200B29A613C500AADC26 /* SceneDelegate.swift in Sources */,
				9E73AAB329AE242800D41AEF /* TtitleViewModel.swift in Sources */,
				9E156F2529A9578300C330DC /* Extensions.swift in Sources */,
				9EAA202029A6334000AADC26 /* UpcomingViewController.swift in Sources */,
				9E464B3829A784C3006A79A4 /* HeroHeaderUIView.swift in Sources */,
				9E156F2329A93E4200C330DC /* Title.swift in Sources */,
				9EAA201E29A6301900AADC26 /* HomeViewController.swift in Sources */,
			);
			runOnlyForDeploymentPostprocessing = 0;
		};
/* End PBXSourcesBuildPhase section */

/* Begin PBXVariantGroup section */
		9EAA201329A613C600AADC26 /* LaunchScreen.storyboard */ = {
			isa = PBXVariantGroup;
			children = (
				9EAA201429A613C600AADC26 /* Base */,
			);
			name = LaunchScreen.storyboard;
			sourceTree = "<group>";
		};
/* End PBXVariantGroup section */

/* Begin XCBuildConfiguration section */
		9EAA201729A613C600AADC26 /* Debug */ = {
			isa = XCBuildConfiguration;
			buildSettings = {
				ALWAYS_SEARCH_USER_PATHS = NO;
				CLANG_ANALYZER_NONNULL = YES;
				CLANG_ANALYZER_NUMBER_OBJECT_CONVERSION = YES_AGGRESSIVE;
				CLANG_CXX_LANGUAGE_STANDARD = "gnu++20";
				CLANG_ENABLE_MODULES = YES;
				CLANG_ENABLE_OBJC_ARC = YES;
				CLANG_ENABLE_OBJC_WEAK = YES;
				CLANG_WARN_BLOCK_CAPTURE_AUTORELEASING = YES;
				CLANG_WARN_BOOL_CONVERSION = YES;
				CLANG_WARN_COMMA = YES;
				CLANG_WARN_CONSTANT_CONVERSION = YES;
				CLANG_WARN_DEPRECATED_OBJC_IMPLEMENTATIONS = YES;
				CLANG_WARN_DIRECT_OBJC_ISA_USAGE = YES_ERROR;
				CLANG_WARN_DOCUMENTATION_COMMENTS = YES;
				CLANG_WARN_EMPTY_BODY = YES;
				CLANG_WARN_ENUM_CONVERSION = YES;
				CLANG_WARN_INFINITE_RECURSION = YES;
				CLANG_WARN_INT_CONVERSION = YES;
				CLANG_WARN_NON_LITERAL_NULL_CONVERSION = YES;
				CLANG_WARN_OBJC_IMPLICIT_RETAIN_SELF = YES;
				CLANG_WARN_OBJC_LITERAL_CONVERSION = YES;
				CLANG_WARN_OBJC_ROOT_CLASS = YES_ERROR;
				CLANG_WARN_QUOTED_INCLUDE_IN_FRAMEWORK_HEADER = YES;
				CLANG_WARN_RANGE_LOOP_ANALYSIS = YES;
				CLANG_WARN_STRICT_PROTOTYPES = YES;
				CLANG_WARN_SUSPICIOUS_MOVE = YES;
				CLANG_WARN_UNGUARDED_AVAILABILITY = YES_AGGRESSIVE;
				CLANG_WARN_UNREACHABLE_CODE = YES;
				CLANG_WARN__DUPLICATE_METHOD_MATCH = YES;
				COPY_PHASE_STRIP = NO;
				DEBUG_INFORMATION_FORMAT = dwarf;
				ENABLE_STRICT_OBJC_MSGSEND = YES;
				ENABLE_TESTABILITY = YES;
				GCC_C_LANGUAGE_STANDARD = gnu11;
				GCC_DYNAMIC_NO_PIC = NO;
				GCC_NO_COMMON_BLOCKS = YES;
				GCC_OPTIMIZATION_LEVEL = 0;
				GCC_PREPROCESSOR_DEFINITIONS = (
					"DEBUG=1",
					"$(inherited)",
				);
				GCC_WARN_64_TO_32_BIT_CONVERSION = YES;
				GCC_WARN_ABOUT_RETURN_TYPE = YES_ERROR;
				GCC_WARN_UNDECLARED_SELECTOR = YES;
				GCC_WARN_UNINITIALIZED_AUTOS = YES_AGGRESSIVE;
				GCC_WARN_UNUSED_FUNCTION = YES;
				GCC_WARN_UNUSED_VARIABLE = YES;
				IPHONEOS_DEPLOYMENT_TARGET = 16.0;
				MTL_ENABLE_DEBUG_INFO = INCLUDE_SOURCE;
				MTL_FAST_MATH = YES;
				ONLY_ACTIVE_ARCH = YES;
				SDKROOT = iphoneos;
				SWIFT_ACTIVE_COMPILATION_CONDITIONS = DEBUG;
				SWIFT_OPTIMIZATION_LEVEL = "-Onone";
			};
			name = Debug;
		};
		9EAA201829A613C600AADC26 /* Release */ = {
			isa = XCBuildConfiguration;
			buildSettings = {
				ALWAYS_SEARCH_USER_PATHS = NO;
				CLANG_ANALYZER_NONNULL = YES;
				CLANG_ANALYZER_NUMBER_OBJECT_CONVERSION = YES_AGGRESSIVE;
				CLANG_CXX_LANGUAGE_STANDARD = "gnu++20";
				CLANG_ENABLE_MODULES = YES;
				CLANG_ENABLE_OBJC_ARC = YES;
				CLANG_ENABLE_OBJC_WEAK = YES;
				CLANG_WARN_BLOCK_CAPTURE_AUTORELEASING = YES;
				CLANG_WARN_BOOL_CONVERSION = YES;
				CLANG_WARN_COMMA = YES;
				CLANG_WARN_CONSTANT_CONVERSION = YES;
				CLANG_WARN_DEPRECATED_OBJC_IMPLEMENTATIONS = YES;
				CLANG_WARN_DIRECT_OBJC_ISA_USAGE = YES_ERROR;
				CLANG_WARN_DOCUMENTATION_COMMENTS = YES;
				CLANG_WARN_EMPTY_BODY = YES;
				CLANG_WARN_ENUM_CONVERSION = YES;
				CLANG_WARN_INFINITE_RECURSION = YES;
				CLANG_WARN_INT_CONVERSION = YES;
				CLANG_WARN_NON_LITERAL_NULL_CONVERSION = YES;
				CLANG_WARN_OBJC_IMPLICIT_RETAIN_SELF = YES;
				CLANG_WARN_OBJC_LITERAL_CONVERSION = YES;
				CLANG_WARN_OBJC_ROOT_CLASS = YES_ERROR;
				CLANG_WARN_QUOTED_INCLUDE_IN_FRAMEWORK_HEADER = YES;
				CLANG_WARN_RANGE_LOOP_ANALYSIS = YES;
				CLANG_WARN_STRICT_PROTOTYPES = YES;
				CLANG_WARN_SUSPICIOUS_MOVE = YES;
				CLANG_WARN_UNGUARDED_AVAILABILITY = YES_AGGRESSIVE;
				CLANG_WARN_UNREACHABLE_CODE = YES;
				CLANG_WARN__DUPLICATE_METHOD_MATCH = YES;
				COPY_PHASE_STRIP = NO;
				DEBUG_INFORMATION_FORMAT = "dwarf-with-dsym";
				ENABLE_NS_ASSERTIONS = NO;
				ENABLE_STRICT_OBJC_MSGSEND = YES;
				GCC_C_LANGUAGE_STANDARD = gnu11;
				GCC_NO_COMMON_BLOCKS = YES;
				GCC_WARN_64_TO_32_BIT_CONVERSION = YES;
				GCC_WARN_ABOUT_RETURN_TYPE = YES_ERROR;
				GCC_WARN_UNDECLARED_SELECTOR = YES;
				GCC_WARN_UNINITIALIZED_AUTOS = YES_AGGRESSIVE;
				GCC_WARN_UNUSED_FUNCTION = YES;
				GCC_WARN_UNUSED_VARIABLE = YES;
				IPHONEOS_DEPLOYMENT_TARGET = 16.0;
				MTL_ENABLE_DEBUG_INFO = NO;
				MTL_FAST_MATH = YES;
				SDKROOT = iphoneos;
				SWIFT_COMPILATION_MODE = wholemodule;
				SWIFT_OPTIMIZATION_LEVEL = "-O";
				VALIDATE_PRODUCT = YES;
			};
			name = Release;
		};
		9EAA201A29A613C600AADC26 /* Debug */ = {
			isa = XCBuildConfiguration;
			buildSettings = {
				ASSETCATALOG_COMPILER_APPICON_NAME = AppIcon;
				ASSETCATALOG_COMPILER_GLOBAL_ACCENT_COLOR_NAME = AccentColor;
				CODE_SIGN_STYLE = Automatic;
				CURRENT_PROJECT_VERSION = 1;
				DEVELOPMENT_TEAM = M2NC9HQ839;
				GENERATE_INFOPLIST_FILE = YES;
				INFOPLIST_FILE = "Netflix-Clone/Info.plist";
				INFOPLIST_KEY_UIApplicationSupportsIndirectInputEvents = YES;
				INFOPLIST_KEY_UILaunchStoryboardName = LaunchScreen;
				INFOPLIST_KEY_UISupportedInterfaceOrientations_iPad = "UIInterfaceOrientationPortrait UIInterfaceOrientationPortraitUpsideDown UIInterfaceOrientationLandscapeLeft UIInterfaceOrientationLandscapeRight";
				INFOPLIST_KEY_UISupportedInterfaceOrientations_iPhone = "UIInterfaceOrientationPortrait UIInterfaceOrientationLandscapeLeft UIInterfaceOrientationLandscapeRight";
				LD_RUNPATH_SEARCH_PATHS = (
					"$(inherited)",
					"@executable_path/Frameworks",
				);
				MARKETING_VERSION = 1.0;
				PRODUCT_BUNDLE_IDENTIFIER = "com.muhammedeneskilicli.Netflix-Clone";
				PRODUCT_NAME = "$(TARGET_NAME)";
				SWIFT_EMIT_LOC_STRINGS = YES;
				SWIFT_VERSION = 5.0;
				TARGETED_DEVICE_FAMILY = "1,2";
			};
			name = Debug;
		};
		9EAA201B29A613C600AADC26 /* Release */ = {
			isa = XCBuildConfiguration;
			buildSettings = {
				ASSETCATALOG_COMPILER_APPICON_NAME = AppIcon;
				ASSETCATALOG_COMPILER_GLOBAL_ACCENT_COLOR_NAME = AccentColor;
				CODE_SIGN_STYLE = Automatic;
				CURRENT_PROJECT_VERSION = 1;
				DEVELOPMENT_TEAM = M2NC9HQ839;
				GENERATE_INFOPLIST_FILE = YES;
				INFOPLIST_FILE = "Netflix-Clone/Info.plist";
				INFOPLIST_KEY_UIApplicationSupportsIndirectInputEvents = YES;
				INFOPLIST_KEY_UILaunchStoryboardName = LaunchScreen;
				INFOPLIST_KEY_UISupportedInterfaceOrientations_iPad = "UIInterfaceOrientationPortrait UIInterfaceOrientationPortraitUpsideDown UIInterfaceOrientationLandscapeLeft UIInterfaceOrientationLandscapeRight";
				INFOPLIST_KEY_UISupportedInterfaceOrientations_iPhone = "UIInterfaceOrientationPortrait UIInterfaceOrientationLandscapeLeft UIInterfaceOrientationLandscapeRight";
				LD_RUNPATH_SEARCH_PATHS = (
					"$(inherited)",
					"@executable_path/Frameworks",
				);
				MARKETING_VERSION = 1.0;
				PRODUCT_BUNDLE_IDENTIFIER = "com.muhammedeneskilicli.Netflix-Clone";
				PRODUCT_NAME = "$(TARGET_NAME)";
				SWIFT_EMIT_LOC_STRINGS = YES;
				SWIFT_VERSION = 5.0;
				TARGETED_DEVICE_FAMILY = "1,2";
			};
			name = Release;
		};
/* End XCBuildConfiguration section */

/* Begin XCConfigurationList section */
		9EAA200029A613C500AADC26 /* Build configuration list for PBXProject "Netflix-Clone" */ = {
			isa = XCConfigurationList;
			buildConfigurations = (
				9EAA201729A613C600AADC26 /* Debug */,
				9EAA201829A613C600AADC26 /* Release */,
			);
			defaultConfigurationIsVisible = 0;
			defaultConfigurationName = Release;
		};
		9EAA201929A613C600AADC26 /* Build configuration list for PBXNativeTarget "Netflix-Clone" */ = {
			isa = XCConfigurationList;
			buildConfigurations = (
				9EAA201A29A613C600AADC26 /* Debug */,
				9EAA201B29A613C600AADC26 /* Release */,
			);
			defaultConfigurationIsVisible = 0;
			defaultConfigurationName = Release;
		};
/* End XCConfigurationList section */

/* Begin XCRemoteSwiftPackageReference section */
		9E8A448229AA54300024802B /* XCRemoteSwiftPackageReference "SDWebImage" */ = {
			isa = XCRemoteSwiftPackageReference;
			repositoryURL = "https://github.com/SDWebImage/SDWebImage.git";
			requirement = {
				kind = upToNextMajorVersion;
				minimumVersion = 5.0.0;
			};
		};
/* End XCRemoteSwiftPackageReference section */

/* Begin XCSwiftPackageProductDependency section */
		9E8A448329AA54300024802B /* SDWebImage */ = {
			isa = XCSwiftPackageProductDependency;
			package = 9E8A448229AA54300024802B /* XCRemoteSwiftPackageReference "SDWebImage" */;
			productName = SDWebImage;
		};
		9E8A448529AA54300024802B /* SDWebImageMapKit */ = {
			isa = XCSwiftPackageProductDependency;
			package = 9E8A448229AA54300024802B /* XCRemoteSwiftPackageReference "SDWebImage" */;
			productName = SDWebImageMapKit;
		};
/* End XCSwiftPackageProductDependency section */
	};
	rootObject = 9EAA1FFD29A613C500AADC26 /* Project object */;
}
